github.com/google/shlex v0.0.0-20191202100458-e7afc7fbc510 h1:El6M4kTTCOh6aBiKaUGG7oYTSPP8MxqL4YI3kZKwcP4=
github.com/google/shlex v0.0.0-20191202100458-e7afc7fbc510/go.mod h1:pupxD2MaaD3pAXIBCelhxNneeOaAeabZDe5s4K6zSpQ=
golang.org/x/image v0.0.0-20210628002857-a66eb6448b8d h1:RNPAfi2nHY7C2srAV8A49jpsYr0ADedCk1wq6fTMTvs=
golang.org/x/image v0.0.0-20210628002857-a66eb6448b8d/go.mod h1:023OzeP/+EPmXeapQh35lcL3II3LrY8Ic+EFFKVhULM=
golang.org/x/image v0.0.0-20220617043117-41969df76e82 h1:KpZB5pUSBvrHltNEdK/tw0xlPeD13M6M6aGP32gKqiw=
golang.org/x/image v0.0.0-20220617043117-41969df76e82/go.mod h1:doUCurBvlfPMKfmIpRIywoHmhN3VyhnoFDbvIEWF4hY=
golang.org/x/text v0.3.6 h1:aRYxNxv6iGQlyVaZmk6ZgYEDa+Jg18DxebPSrd6bg1M=
golang.org/x/text v0.3.6/go.mod h1:5Zoc/QRtKVWzQhOtBMvqHzDpF6irO9z98xDceosuGiQ=
golang.org/x/text v0.3.7 h1:olpwvP2KacW1ZWvsR7uQhoyTYvKAupfQrRGBFM352Gk=
golang.org/x/text v0.3.7/go.mod h1:u+2+/6zg+i71rQMx5EYifcz6MCKuco9NR6JIITiCfzQ=
golang.org/x/tools v0.0.0-20180917221912-90fa682c2a6e/go.mod h1:n7NCudcB/nEzxVGmLbDWY5pfWTLqBcC2KZ6jyYvM4mQ=
tinygo.org/x/drivers v0.31.0 h1:Q2RpvTRMtdmjHD2Xyn4e8WXsJZKpIny3Lg4hzG1dLu4=
tinygo.org/x/drivers v0.31.0/go.mod h1:ZdErNrApSABdVXjA1RejD67R8SNRI6RKVfYgQDZtKtk=
tinygo.org/x/tinydraw v0.4.0 h1:U9V0mHz8/jPShKjlh199vCfq1ARFyUOD1b+FfqIwV8c=
tinygo.org/x/tinydraw v0.4.0/go.mod h1:WCV/EMljTv8w04iAxjv+fRD6/4ffx0afATYeJlN90Yo=
tinygo.org/x/tinyfont v0.3.0 h1:HIRLQoI3oc+2CMhPcfv+Ig88EcTImE/5npjqOnMD4lM=
tinygo.org/x/tinyfont v0.3.0/go.mod h1:+TV5q0KpwSGRWnN+ITijsIhrWYJkoUCp9MYELjKpAXk=
tinygo.org/x/tinyfont v0.6.0 h1:GibXDSFz6xrWnEDkDRo6vsbOyRw0MVj/eza3zNHMSHs=
tinygo.org/x/tinyfont v0.6.0/go.mod h1:onflMSkpWl7r7j4MIqhPEVV39pn7yL4N3MOePl3G+G8=
